// !$*UTF8*$!
{
	archiveVersion = 1;
	classes = {
	};
	objectVersion = 50;
	objects = {

/* Begin PBXBuildFile section */
		D1D18F76256F2E7400A33244 /* AppDelegate.swift in Sources */ = {isa = PBXBuildFile; fileRef = D1D18F75256F2E7400A33244 /* AppDelegate.swift */; };
		D1D18F7A256F2E7400A33244 /* ViewController.swift in Sources */ = {isa = PBXBuildFile; fileRef = D1D18F79256F2E7400A33244 /* ViewController.swift */; };
		D1D18F7F256F2E7500A33244 /* Assets.xcassets in Resources */ = {isa = PBXBuildFile; fileRef = D1D18F7E256F2E7500A33244 /* Assets.xcassets */; };
		D1D18F82256F2E7500A33244 /* LaunchScreen.storyboard in Resources */ = {isa = PBXBuildFile; fileRef = D1D18F80256F2E7500A33244 /* LaunchScreen.storyboard */; };
		D1D18F91256F2EF500A33244 /* Document.swift in Sources */ = {isa = PBXBuildFile; fileRef = D1D18F90256F2EF500A33244 /* Document.swift */; };
		D1D18F95256F2F1C00A33244 /* TableOfContentsMapper.swift in Sources */ = {isa = PBXBuildFile; fileRef = D1D18F94256F2F1C00A33244 /* TableOfContentsMapper.swift */; };
/* End PBXBuildFile section */

/* Begin PBXFileReference section */
		D1D18F72256F2E7400A33244 /* ContentMapping.app */ = {isa = PBXFileReference; explicitFileType = wrapper.application; includeInIndex = 0; path = ContentMapping.app; sourceTree = BUILT_PRODUCTS_DIR; };
		D1D18F75256F2E7400A33244 /* AppDelegate.swift */ = {isa = PBXFileReference; lastKnownFileType = sourcecode.swift; path = AppDelegate.swift; sourceTree = "<group>"; };
		D1D18F79256F2E7400A33244 /* ViewController.swift */ = {isa = PBXFileReference; lastKnownFileType = sourcecode.swift; path = ViewController.swift; sourceTree = "<group>"; };
		D1D18F7E256F2E7500A33244 /* Assets.xcassets */ = {isa = PBXFileReference; lastKnownFileType = folder.assetcatalog; path = Assets.xcassets; sourceTree = "<group>"; };
		D1D18F81256F2E7500A33244 /* Base */ = {isa = PBXFileReference; lastKnownFileType = file.storyboard; name = Base; path = Base.lproj/LaunchScreen.storyboard; sourceTree = "<group>"; };
		D1D18F83256F2E7500A33244 /* Info.plist */ = {isa = PBXFileReference; lastKnownFileType = text.plist.xml; path = Info.plist; sourceTree = "<group>"; };
		D1D18F90256F2EF500A33244 /* Document.swift */ = {isa = PBXFileReference; lastKnownFileType = sourcecode.swift; path = Document.swift; sourceTree = "<group>"; };
		D1D18F94256F2F1C00A33244 /* TableOfContentsMapper.swift */ = {isa = PBXFileReference; lastKnownFileType = sourcecode.swift; path = TableOfContentsMapper.swift; sourceTree = "<group>"; };
/* End PBXFileReference section */

/* Begin PBXFrameworksBuildPhase section */
		D1D18F6F256F2E7400A33244 /* Frameworks */ = {
			isa = PBXFrameworksBuildPhase;
			buildActionMask = 2147483647;
			files = (
			);
			runOnlyForDeploymentPostprocessing = 0;
		};
/* End PBXFrameworksBuildPhase section */

/* Begin PBXGroup section */
		D1D18F69256F2E7400A33244 = {
			isa = PBXGroup;
			children = (
				D1D18F74256F2E7400A33244 /* ContentMapping */,
				D1D18F73256F2E7400A33244 /* Products */,
			);
			sourceTree = "<group>";
		};
		D1D18F73256F2E7400A33244 /* Products */ = {
			isa = PBXGroup;
			children = (
				D1D18F72256F2E7400A33244 /* ContentMapping.app */,
			);
			name = Products;
			sourceTree = "<group>";
		};
		D1D18F74256F2E7400A33244 /* ContentMapping */ = {
			isa = PBXGroup;
			children = (
				D1D18F75256F2E7400A33244 /* AppDelegate.swift */,
				D1D18F8A256F2E7900A33244 /* Resources */,
				D1D18F79256F2E7400A33244 /* ViewController.swift */,
				D1D18F90256F2EF500A33244 /* Document.swift */,
				D1D18F94256F2F1C00A33244 /* TableOfContentsMapper.swift */,
			);
			path = ContentMapping;
			sourceTree = "<group>";
		};
		D1D18F8A256F2E7900A33244 /* Resources */ = {
			isa = PBXGroup;
			children = (
				D1D18F7E256F2E7500A33244 /* Assets.xcassets */,
				D1D18F80256F2E7500A33244 /* LaunchScreen.storyboard */,
				D1D18F83256F2E7500A33244 /* Info.plist */,
			);
			path = Resources;
			sourceTree = "<group>";
		};
/* End PBXGroup section */

/* Begin PBXNativeTarget section */
		D1D18F71256F2E7400A33244 /* ContentMapping */ = {
			isa = PBXNativeTarget;
			buildConfigurationList = D1D18F86256F2E7500A33244 /* Build configuration list for PBXNativeTarget "ContentMapping" */;
			buildPhases = (
				D1D18F6E256F2E7400A33244 /* Sources */,
				D1D18F6F256F2E7400A33244 /* Frameworks */,
				D1D18F70256F2E7400A33244 /* Resources */,
			);
			buildRules = (
			);
			dependencies = (
			);
			name = ContentMapping;
			productName = ContentMapping;
			productReference = D1D18F72256F2E7400A33244 /* ContentMapping.app */;
			productType = "com.apple.product-type.application";
		};
/* End PBXNativeTarget section */

/* Begin PBXProject section */
		D1D18F6A256F2E7400A33244 /* Project object */ = {
			isa = PBXProject;
			attributes = {
				LastSwiftUpdateCheck = 1220;
				LastUpgradeCheck = 1220;
				TargetAttributes = {
					D1D18F71256F2E7400A33244 = {
						CreatedOnToolsVersion = 12.2;
					};
				};
			};
			buildConfigurationList = D1D18F6D256F2E7400A33244 /* Build configuration list for PBXProject "ContentMapping" */;
			compatibilityVersion = "Xcode 9.3";
			developmentRegion = en;
			hasScannedForEncodings = 0;
			knownRegions = (
				en,
				Base,
			);
			mainGroup = D1D18F69256F2E7400A33244;
			productRefGroup = D1D18F73256F2E7400A33244 /* Products */;
			projectDirPath = "";
			projectRoot = "";
			targets = (
				D1D18F71256F2E7400A33244 /* ContentMapping */,
			);
		};
/* End PBXProject section */

/* Begin PBXResourcesBuildPhase section */
		D1D18F70256F2E7400A33244 /* Resources */ = {
			isa = PBXResourcesBuildPhase;
			buildActionMask = 2147483647;
			files = (
				D1D18F82256F2E7500A33244 /* LaunchScreen.storyboard in Resources */,
				D1D18F7F256F2E7500A33244 /* Assets.xcassets in Resources */,
			);
			runOnlyForDeploymentPostprocessing = 0;
		};
/* End PBXResourcesBuildPhase section */

/* Begin PBXSourcesBuildPhase section */
		D1D18F6E256F2E7400A33244 /* Sources */ = {
			isa = PBXSourcesBuildPhase;
			buildActionMask = 2147483647;
			files = (
				D1D18F91256F2EF500A33244 /* Document.swift in Sources */,
				D1D18F7A256F2E7400A33244 /* ViewController.swift in Sources */,
				D1D18F95256F2F1C00A33244 /* TableOfContentsMapper.swift in Sources */,
				D1D18F76256F2E7400A33244 /* AppDelegate.swift in Sources */,
			);
			runOnlyForDeploymentPostprocessing = 0;
		};
/* End PBXSourcesBuildPhase section */

/* Begin PBXVariantGroup section */
		D1D18F80256F2E7500A33244 /* LaunchScreen.storyboard */ = {
			isa = PBXVariantGroup;
			children = (
				D1D18F81256F2E7500A33244 /* Base */,
			);
			name = LaunchScreen.storyboard;
			sourceTree = "<group>";
		};
/* End PBXVariantGroup section */

/* Begin XCBuildConfiguration section */
		D1D18F84256F2E7500A33244 /* Debug */ = {
			isa = XCBuildConfiguration;
			buildSettings = {
				ALWAYS_SEARCH_USER_PATHS = NO;
				CLANG_ANALYZER_NONNULL = YES;
				CLANG_ANALYZER_NUMBER_OBJECT_CONVERSION = YES_AGGRESSIVE;
				CLANG_CXX_LANGUAGE_STANDARD = "gnu++14";
				CLANG_CXX_LIBRARY = "libc++";
				CLANG_ENABLE_MODULES = YES;
				CLANG_ENABLE_OBJC_ARC = YES;
				CLANG_ENABLE_OBJC_WEAK = YES;
				CLANG_WARN_BLOCK_CAPTURE_AUTORELEASING = YES;
				CLANG_WARN_BOOL_CONVERSION = YES;
				CLANG_WARN_COMMA = YES;
				CLANG_WARN_CONSTANT_CONVERSION = YES;
				CLANG_WARN_DEPRECATED_OBJC_IMPLEMENTATIONS = YES;
				CLANG_WARN_DIRECT_OBJC_ISA_USAGE = YES_ERROR;
				CLANG_WARN_DOCUMENTATION_COMMENTS = YES;
				CLANG_WARN_EMPTY_BODY = YES;
				CLANG_WARN_ENUM_CONVERSION = YES;
				CLANG_WARN_INFINITE_RECURSION = YES;
				CLANG_WARN_INT_CONVERSION = YES;
				CLANG_WARN_NON_LITERAL_NULL_CONVERSION = YES;
				CLANG_WARN_OBJC_IMPLICIT_RETAIN_SELF = YES;
				CLANG_WARN_OBJC_LITERAL_CONVERSION = YES;
				CLANG_WARN_OBJC_ROOT_CLASS = YES_ERROR;
				CLANG_WARN_QUOTED_INCLUDE_IN_FRAMEWORK_HEADER = YES;
				CLANG_WARN_RANGE_LOOP_ANALYSIS = YES;
				CLANG_WARN_STRICT_PROTOTYPES = YES;
				CLANG_WARN_SUSPICIOUS_MOVE = YES;
				CLANG_WARN_UNGUARDED_AVAILABILITY = YES_AGGRESSIVE;
				CLANG_WARN_UNREACHABLE_CODE = YES;
				CLANG_WARN__DUPLICATE_METHOD_MATCH = YES;
				COPY_PHASE_STRIP = NO;
				DEBUG_INFORMATION_FORMAT = dwarf;
				ENABLE_STRICT_OBJC_MSGSEND = YES;
				ENABLE_TESTABILITY = YES;
				GCC_C_LANGUAGE_STANDARD = gnu11;
				GCC_DYNAMIC_NO_PIC = NO;
				GCC_NO_COMMON_BLOCKS = YES;
				GCC_OPTIMIZATION_LEVEL = 0;
				GCC_PREPROCESSOR_DEFINITIONS = (
					"DEBUG=1",
					"$(inherited)",
				);
				GCC_WARN_64_TO_32_BIT_CONVERSION = YES;
				GCC_WARN_ABOUT_RETURN_TYPE = YES_ERROR;
				GCC_WARN_UNDECLARED_SELECTOR = YES;
				GCC_WARN_UNINITIALIZED_AUTOS = YES_AGGRESSIVE;
				GCC_WARN_UNUSED_FUNCTION = YES;
				GCC_WARN_UNUSED_VARIABLE = YES;
				IPHONEOS_DEPLOYMENT_TARGET = 14.2;
				MTL_ENABLE_DEBUG_INFO = INCLUDE_SOURCE;
				MTL_FAST_MATH = YES;
				ONLY_ACTIVE_ARCH = YES;
				SDKROOT = iphoneos;
				SWIFT_ACTIVE_COMPILATION_CONDITIONS = DEBUG;
				SWIFT_OPTIMIZATION_LEVEL = "-Onone";
			};
			name = Debug;
		};
		D1D18F85256F2E7500A33244 /* Release */ = {
			isa = XCBuildConfiguration;
			buildSettings = {
				ALWAYS_SEARCH_USER_PATHS = NO;
				CLANG_ANALYZER_NONNULL = YES;
				CLANG_ANALYZER_NUMBER_OBJECT_CONVERSION = YES_AGGRESSIVE;
				CLANG_CXX_LANGUAGE_STANDARD = "gnu++14";
				CLANG_CXX_LIBRARY = "libc++";
				CLANG_ENABLE_MODULES = YES;
				CLANG_ENABLE_OBJC_ARC = YES;
				CLANG_ENABLE_OBJC_WEAK = YES;
				CLANG_WARN_BLOCK_CAPTURE_AUTORELEASING = YES;
				CLANG_WARN_BOOL_CONVERSION = YES;
				CLANG_WARN_COMMA = YES;
				CLANG_WARN_CONSTANT_CONVERSION = YES;
				CLANG_WARN_DEPRECATED_OBJC_IMPLEMENTATIONS = YES;
				CLANG_WARN_DIRECT_OBJC_ISA_USAGE = YES_ERROR;
				CLANG_WARN_DOCUMENTATION_COMMENTS = YES;
				CLANG_WARN_EMPTY_BODY = YES;
				CLANG_WARN_ENUM_CONVERSION = YES;
				CLANG_WARN_INFINITE_RECURSION = YES;
				CLANG_WARN_INT_CONVERSION = YES;
				CLANG_WARN_NON_LITERAL_NULL_CONVERSION = YES;
				CLANG_WARN_OBJC_IMPLICIT_RETAIN_SELF = YES;
				CLANG_WARN_OBJC_LITERAL_CONVERSION = YES;
				CLANG_WARN_OBJC_ROOT_CLASS = YES_ERROR;
				CLANG_WARN_QUOTED_INCLUDE_IN_FRAMEWORK_HEADER = YES;
				CLANG_WARN_RANGE_LOOP_ANALYSIS = YES;
				CLANG_WARN_STRICT_PROTOTYPES = YES;
				CLANG_WARN_SUSPICIOUS_MOVE = YES;
				CLANG_WARN_UNGUARDED_AVAILABILITY = YES_AGGRESSIVE;
				CLANG_WARN_UNREACHABLE_CODE = YES;
				CLANG_WARN__DUPLICATE_METHOD_MATCH = YES;
				COPY_PHASE_STRIP = NO;
				DEBUG_INFORMATION_FORMAT = "dwarf-with-dsym";
				ENABLE_NS_ASSERTIONS = NO;
				ENABLE_STRICT_OBJC_MSGSEND = YES;
				GCC_C_LANGUAGE_STANDARD = gnu11;
				GCC_NO_COMMON_BLOCKS = YES;
				GCC_WARN_64_TO_32_BIT_CONVERSION = YES;
				GCC_WARN_ABOUT_RETURN_TYPE = YES_ERROR;
				GCC_WARN_UNDECLARED_SELECTOR = YES;
				GCC_WARN_UNINITIALIZED_AUTOS = YES_AGGRESSIVE;
				GCC_WARN_UNUSED_FUNCTION = YES;
				GCC_WARN_UNUSED_VARIABLE = YES;
				IPHONEOS_DEPLOYMENT_TARGET = 14.2;
				MTL_ENABLE_DEBUG_INFO = NO;
				MTL_FAST_MATH = YES;
				SDKROOT = iphoneos;
				SWIFT_COMPILATION_MODE = wholemodule;
				SWIFT_OPTIMIZATION_LEVEL = "-O";
				VALIDATE_PRODUCT = YES;
			};
			name = Release;
		};
		D1D18F87256F2E7500A33244 /* Debug */ = {
			isa = XCBuildConfiguration;
			buildSettings = {
				ASSETCATALOG_COMPILER_APPICON_NAME = AppIcon;
				ASSETCATALOG_COMPILER_GLOBAL_ACCENT_COLOR_NAME = AccentColor;
				CODE_SIGN_STYLE = Automatic;
				DEVELOPMENT_TEAM = 6V4EX2JJHV;
				INFOPLIST_FILE = ContentMapping/Resources/Info.plist;
				IPHONEOS_DEPLOYMENT_TARGET = 13.0;
				LD_RUNPATH_SEARCH_PATHS = (
					"$(inherited)",
					"@executable_path/Frameworks",
				);
				PRODUCT_BUNDLE_IDENTIFIER = dev.kevinh.ContentMapping;
				PRODUCT_NAME = "$(TARGET_NAME)";
				SWIFT_VERSION = 5.0;
				TARGETED_DEVICE_FAMILY = 1;
			};
			name = Debug;
		};
		D1D18F88256F2E7500A33244 /* Release */ = {
			isa = XCBuildConfiguration;
			buildSettings = {
				ASSETCATALOG_COMPILER_APPICON_NAME = AppIcon;
				ASSETCATALOG_COMPILER_GLOBAL_ACCENT_COLOR_NAME = AccentColor;
				CODE_SIGN_STYLE = Automatic;
				DEVELOPMENT_TEAM = 6V4EX2JJHV;
				INFOPLIST_FILE = ContentMapping/Resources/Info.plist;
				IPHONEOS_DEPLOYMENT_TARGET = 13.0;
				LD_RUNPATH_SEARCH_PATHS = (
					"$(inherited)",
					"@executable_path/Frameworks",
				);
				PRODUCT_BUNDLE_IDENTIFIER = dev.kevinh.ContentMapping;
				PRODUCT_NAME = "$(TARGET_NAME)";
				SWIFT_VERSION = 5.0;
				TARGETED_DEVICE_FAMILY = 1;
			};
			name = Release;
		};
/* End XCBuildConfiguration section */

/* Begin XCConfigurationList section */
		D1D18F6D256F2E7400A33244 /* Build configuration list for PBXProject "ContentMapping" */ = {
			isa = XCConfigurationList;
			buildConfigurations = (
				D1D18F84256F2E7500A33244 /* Debug */,
				D1D18F85256F2E7500A33244 /* Release */,
			);
			defaultConfigurationIsVisible = 0;
			defaultConfigurationName = Release;
		};
		D1D18F86256F2E7500A33244 /* Build configuration list for PBXNativeTarget "ContentMapping" */ = {
			isa = XCConfigurationList;
			buildConfigurations = (
				D1D18F87256F2E7500A33244 /* Debug */,
				D1D18F88256F2E7500A33244 /* Release */,
			);
			defaultConfigurationIsVisible = 0;
			defaultConfigurationName = Release;
		};
/* End XCConfigurationList section */
	};
	rootObject = D1D18F6A256F2E7400A33244 /* Project object */;
}
